
Microsoft Visual Studio Solution File, Format Version 12.00
# Visual Studio Version 17
VisualStudioVersion = 17.4.33205.214
MinimumVisualStudioVersion = 10.0.40219.1
Project("{FAE04EC0-301F-11D3-BF4B-00C04F79EFBC}") = "WinFormsApp1", "WinFormsApp1\WinFormsApp1.csproj", "{39F85232-483A-4CBD-A3F9-896999B07BB7}"
EndProject
Global
	GlobalSection(SolutionConfigurationPlatforms) = preSolution
		Debug|Any CPU = Debug|Any CPU
		Release|Any CPU = Release|Any CPU
	EndGlobalSection
	GlobalSection(ProjectConfigurationPlatforms) = postSolution
		{39F85232-483A-4CBD-A3F9-896999B07BB7}.Debug|Any CPU.ActiveCfg = Debug|Any CPU
		{39F85232-483A-4CBD-A3F9-896999B07BB7}.Debug|Any CPU.Build.0 = Debug|Any CPU
		{39F85232-483A-4CBD-A3F9-896999B07BB7}.Release|Any CPU.ActiveCfg = Release|Any CPU
		{39F85232-483A-4CBD-A3F9-896999B07BB7}.Release|Any CPU.Build.0 = Release|Any CPU
	EndGlobalSection
	GlobalSection(SolutionProperties) = preSolution
		HideSolutionNode = FALSE
	EndGlobalSection
	GlobalSection(ExtensibilityGlobals) = postSolution
		SolutionGuid = {11B8DACA-0A07-4E9D-B1E0-2C8906B1BE02}
	EndGlobalSection
EndGlobal
