
Microsoft Visual Studio Solution File, Format Version 11.00
# Visual C# Express 2010
Project("{FAE04EC0-301F-11D3-BF4B-00C04F79EFBC}") = "FirstGui", "FirstGui\FirstGui.csproj", "{B635DDB0-55E3-41DE-98F1-19935AC24EEC}"
EndProject
Project("{FAE04EC0-301F-11D3-BF4B-00C04F79EFBC}") = "MyLibrary", "MyLibrary\MyLibrary.csproj", "{A93E3A28-CCEA-4AA0-85A2-AD488378B5A5}"
EndProject
Project("{FAE04EC0-301F-11D3-BF4B-00C04F79EFBC}") = "MathTests", "MathTests\MathTests.csproj", "{FE75A959-DB5D-4A21-A434-A7E4F2D08729}"
EndProject
Global
	GlobalSection(SolutionConfigurationPlatforms) = preSolution
		Debug|Any CPU = Debug|Any CPU
		Debug|Mixed Platforms = Debug|Mixed Platforms
		Debug|x86 = Debug|x86
		Release|Any CPU = Release|Any CPU
		Release|Mixed Platforms = Release|Mixed Platforms
		Release|x86 = Release|x86
	EndGlobalSection
	GlobalSection(ProjectConfigurationPlatforms) = postSolution
		{B635DDB0-55E3-41DE-98F1-19935AC24EEC}.Debug|Any CPU.ActiveCfg = Debug|x86
		{B635DDB0-55E3-41DE-98F1-19935AC24EEC}.Debug|Mixed Platforms.ActiveCfg = Debug|x86
		{B635DDB0-55E3-41DE-98F1-19935AC24EEC}.Debug|Mixed Platforms.Build.0 = Debug|x86
		{B635DDB0-55E3-41DE-98F1-19935AC24EEC}.Debug|x86.ActiveCfg = Debug|x86
		{B635DDB0-55E3-41DE-98F1-19935AC24EEC}.Debug|x86.Build.0 = Debug|x86
		{B635DDB0-55E3-41DE-98F1-19935AC24EEC}.Release|Any CPU.ActiveCfg = Release|x86
		{B635DDB0-55E3-41DE-98F1-19935AC24EEC}.Release|Mixed Platforms.ActiveCfg = Release|x86
		{B635DDB0-55E3-41DE-98F1-19935AC24EEC}.Release|Mixed Platforms.Build.0 = Release|x86
		{B635DDB0-55E3-41DE-98F1-19935AC24EEC}.Release|x86.ActiveCfg = Release|x86
		{B635DDB0-55E3-41DE-98F1-19935AC24EEC}.Release|x86.Build.0 = Release|x86
		{A93E3A28-CCEA-4AA0-85A2-AD488378B5A5}.Debug|Any CPU.ActiveCfg = Debug|Any CPU
		{A93E3A28-CCEA-4AA0-85A2-AD488378B5A5}.Debug|Any CPU.Build.0 = Debug|Any CPU
		{A93E3A28-CCEA-4AA0-85A2-AD488378B5A5}.Debug|Mixed Platforms.ActiveCfg = Debug|Any CPU
		{A93E3A28-CCEA-4AA0-85A2-AD488378B5A5}.Debug|Mixed Platforms.Build.0 = Debug|Any CPU
		{A93E3A28-CCEA-4AA0-85A2-AD488378B5A5}.Debug|x86.ActiveCfg = Debug|Any CPU
		{A93E3A28-CCEA-4AA0-85A2-AD488378B5A5}.Release|Any CPU.ActiveCfg = Release|Any CPU
		{A93E3A28-CCEA-4AA0-85A2-AD488378B5A5}.Release|Any CPU.Build.0 = Release|Any CPU
		{A93E3A28-CCEA-4AA0-85A2-AD488378B5A5}.Release|Mixed Platforms.ActiveCfg = Release|Any CPU
		{A93E3A28-CCEA-4AA0-85A2-AD488378B5A5}.Release|Mixed Platforms.Build.0 = Release|Any CPU
		{A93E3A28-CCEA-4AA0-85A2-AD488378B5A5}.Release|x86.ActiveCfg = Release|Any CPU
		{FE75A959-DB5D-4A21-A434-A7E4F2D08729}.Debug|Any CPU.ActiveCfg = Debug|Any CPU
		{FE75A959-DB5D-4A21-A434-A7E4F2D08729}.Debug|Any CPU.Build.0 = Debug|Any CPU
		{FE75A959-DB5D-4A21-A434-A7E4F2D08729}.Debug|Mixed Platforms.ActiveCfg = Debug|Any CPU
		{FE75A959-DB5D-4A21-A434-A7E4F2D08729}.Debug|Mixed Platforms.Build.0 = Debug|Any CPU
		{FE75A959-DB5D-4A21-A434-A7E4F2D08729}.Debug|x86.ActiveCfg = Debug|Any CPU
		{FE75A959-DB5D-4A21-A434-A7E4F2D08729}.Release|Any CPU.ActiveCfg = Release|Any CPU
		{FE75A959-DB5D-4A21-A434-A7E4F2D08729}.Release|Any CPU.Build.0 = Release|Any CPU
		{FE75A959-DB5D-4A21-A434-A7E4F2D08729}.Release|Mixed Platforms.ActiveCfg = Release|Any CPU
		{FE75A959-DB5D-4A21-A434-A7E4F2D08729}.Release|Mixed Platforms.Build.0 = Release|Any CPU
		{FE75A959-DB5D-4A21-A434-A7E4F2D08729}.Release|x86.ActiveCfg = Release|Any CPU
	EndGlobalSection
	GlobalSection(SolutionProperties) = preSolution
		HideSolutionNode = FALSE
	EndGlobalSection
EndGlobal
